// !$*UTF8*$!
{
	archiveVersion = 1;
	classes = {
	};
	objectVersion = 50;
	objects = {

/* Begin PBXBuildFile section */
		046A0E452479A58400E6F5F9 /* AppDelegate.swift in Sources */ = {isa = PBXBuildFile; fileRef = 046A0E442479A58400E6F5F9 /* AppDelegate.swift */; };
		046A0E472479A58400E6F5F9 /* DocumentBrowserViewController.swift in Sources */ = {isa = PBXBuildFile; fileRef = 046A0E462479A58400E6F5F9 /* DocumentBrowserViewController.swift */; };
		046A0E4B2479A58400E6F5F9 /* Document.swift in Sources */ = {isa = PBXBuildFile; fileRef = 046A0E4A2479A58400E6F5F9 /* Document.swift */; };
		046A0E4E2479A58400E6F5F9 /* Main.storyboard in Resources */ = {isa = PBXBuildFile; fileRef = 046A0E4C2479A58400E6F5F9 /* Main.storyboard */; };
		046A0E502479A58700E6F5F9 /* Assets.xcassets in Resources */ = {isa = PBXBuildFile; fileRef = 046A0E4F2479A58700E6F5F9 /* Assets.xcassets */; };
		046A0E532479A58700E6F5F9 /* LaunchScreen.storyboard in Resources */ = {isa = PBXBuildFile; fileRef = 046A0E512479A58700E6F5F9 /* LaunchScreen.storyboard */; };
		046A0E622479B15100E6F5F9 /* Utilities.swift in Sources */ = {isa = PBXBuildFile; fileRef = 046A0E5B2479B15100E6F5F9 /* Utilities.swift */; };
		046A0E632479B15100E6F5F9 /* InputCollectionViewCell.swift in Sources */ = {isa = PBXBuildFile; fileRef = 046A0E5C2479B15100E6F5F9 /* InputCollectionViewCell.swift */; };
		046A0E642479B15100E6F5F9 /* EmojiArtView.swift in Sources */ = {isa = PBXBuildFile; fileRef = 046A0E5D2479B15100E6F5F9 /* EmojiArtView.swift */; };
		046A0E652479B15100E6F5F9 /* EmojiCollectionViewCell.swift in Sources */ = {isa = PBXBuildFile; fileRef = 046A0E5E2479B15100E6F5F9 /* EmojiCollectionViewCell.swift */; };
		046A0E662479B15100E6F5F9 /* EmojiArt.swift in Sources */ = {isa = PBXBuildFile; fileRef = 046A0E5F2479B15100E6F5F9 /* EmojiArt.swift */; };
		046A0E672479B15100E6F5F9 /* EmojiArtView+Gestures.swift in Sources */ = {isa = PBXBuildFile; fileRef = 046A0E602479B15100E6F5F9 /* EmojiArtView+Gestures.swift */; };
		046A0E682479B15100E6F5F9 /* EnojiArtViewController.swift in Sources */ = {isa = PBXBuildFile; fileRef = 046A0E612479B15100E6F5F9 /* EnojiArtViewController.swift */; };
		046BBE0124846CF10000182A /* EmojiCollection.swift in Sources */ = {isa = PBXBuildFile; fileRef = 046BBE0024846CF10000182A /* EmojiCollection.swift */; };
		04AA8CAE247FD62D009DF941 /* delete.png in Resources */ = {isa = PBXBuildFile; fileRef = 04AA8CAD247FD62D009DF941 /* delete.png */; };
/* End PBXBuildFile section */

/* Begin PBXCopyFilesBuildPhase section */
		04BC3179247C7777000D2F64 /* Embed App Extensions */ = {
			isa = PBXCopyFilesBuildPhase;
			buildActionMask = 2147483647;
			dstPath = "";
			dstSubfolderSpec = 13;
			files = (
			);
			name = "Embed App Extensions";
			runOnlyForDeploymentPostprocessing = 0;
		};
/* End PBXCopyFilesBuildPhase section */

/* Begin PBXFileReference section */
		046A0E412479A58400E6F5F9 /* Emoji Art.app */ = {isa = PBXFileReference; explicitFileType = wrapper.application; includeInIndex = 0; path = "Emoji Art.app"; sourceTree = BUILT_PRODUCTS_DIR; };
		046A0E442479A58400E6F5F9 /* AppDelegate.swift */ = {isa = PBXFileReference; lastKnownFileType = sourcecode.swift; path = AppDelegate.swift; sourceTree = "<group>"; };
		046A0E462479A58400E6F5F9 /* DocumentBrowserViewController.swift */ = {isa = PBXFileReference; lastKnownFileType = sourcecode.swift; path = DocumentBrowserViewController.swift; sourceTree = "<group>"; };
		046A0E4A2479A58400E6F5F9 /* Document.swift */ = {isa = PBXFileReference; lastKnownFileType = sourcecode.swift; path = Document.swift; sourceTree = "<group>"; };
		046A0E4D2479A58400E6F5F9 /* Base */ = {isa = PBXFileReference; lastKnownFileType = file.storyboard; name = Base; path = Base.lproj/Main.storyboard; sourceTree = "<group>"; };
		046A0E4F2479A58700E6F5F9 /* Assets.xcassets */ = {isa = PBXFileReference; lastKnownFileType = folder.assetcatalog; path = Assets.xcassets; sourceTree = "<group>"; };
		046A0E522479A58700E6F5F9 /* Base */ = {isa = PBXFileReference; lastKnownFileType = file.storyboard; name = Base; path = Base.lproj/LaunchScreen.storyboard; sourceTree = "<group>"; };
		046A0E542479A58700E6F5F9 /* Info.plist */ = {isa = PBXFileReference; lastKnownFileType = text.plist.xml; path = Info.plist; sourceTree = "<group>"; };
		046A0E5B2479B15100E6F5F9 /* Utilities.swift */ = {isa = PBXFileReference; fileEncoding = 4; lastKnownFileType = sourcecode.swift; path = Utilities.swift; sourceTree = "<group>"; };
		046A0E5C2479B15100E6F5F9 /* InputCollectionViewCell.swift */ = {isa = PBXFileReference; fileEncoding = 4; lastKnownFileType = sourcecode.swift; path = InputCollectionViewCell.swift; sourceTree = "<group>"; };
		046A0E5D2479B15100E6F5F9 /* EmojiArtView.swift */ = {isa = PBXFileReference; fileEncoding = 4; lastKnownFileType = sourcecode.swift; path = EmojiArtView.swift; sourceTree = "<group>"; };
		046A0E5E2479B15100E6F5F9 /* EmojiCollectionViewCell.swift */ = {isa = PBXFileReference; fileEncoding = 4; lastKnownFileType = sourcecode.swift; path = EmojiCollectionViewCell.swift; sourceTree = "<group>"; };
		046A0E5F2479B15100E6F5F9 /* EmojiArt.swift */ = {isa = PBXFileReference; fileEncoding = 4; lastKnownFileType = sourcecode.swift; path = EmojiArt.swift; sourceTree = "<group>"; };
		046A0E602479B15100E6F5F9 /* EmojiArtView+Gestures.swift */ = {isa = PBXFileReference; fileEncoding = 4; lastKnownFileType = sourcecode.swift; path = "EmojiArtView+Gestures.swift"; sourceTree = "<group>"; };
		046A0E612479B15100E6F5F9 /* EnojiArtViewController.swift */ = {isa = PBXFileReference; fileEncoding = 4; lastKnownFileType = sourcecode.swift; path = EnojiArtViewController.swift; sourceTree = "<group>"; };
		046BBE0024846CF10000182A /* EmojiCollection.swift */ = {isa = PBXFileReference; lastKnownFileType = sourcecode.swift; path = EmojiCollection.swift; sourceTree = "<group>"; };
		04AA8CAD247FD62D009DF941 /* delete.png */ = {isa = PBXFileReference; lastKnownFileType = image.png; path = delete.png; sourceTree = "<group>"; };
/* End PBXFileReference section */

/* Begin PBXFrameworksBuildPhase section */
		046A0E3E2479A58400E6F5F9 /* Frameworks */ = {
			isa = PBXFrameworksBuildPhase;
			buildActionMask = 2147483647;
			files = (
			);
			runOnlyForDeploymentPostprocessing = 0;
		};
/* End PBXFrameworksBuildPhase section */

/* Begin PBXGroup section */
		046A0E382479A58400E6F5F9 = {
			isa = PBXGroup;
			children = (
				046A0E432479A58400E6F5F9 /* Emoji Art */,
				046A0E422479A58400E6F5F9 /* Products */,
			);
			sourceTree = "<group>";
		};
		046A0E422479A58400E6F5F9 /* Products */ = {
			isa = PBXGroup;
			children = (
				046A0E412479A58400E6F5F9 /* Emoji Art.app */,
			);
			name = Products;
			sourceTree = "<group>";
		};
		046A0E432479A58400E6F5F9 /* Emoji Art */ = {
			isa = PBXGroup;
			children = (
				046A0E4C2479A58400E6F5F9 /* Main.storyboard */,
				046BBE0024846CF10000182A /* EmojiCollection.swift */,
				046A0E462479A58400E6F5F9 /* DocumentBrowserViewController.swift */,
				046A0E612479B15100E6F5F9 /* EnojiArtViewController.swift */,
				046A0E5D2479B15100E6F5F9 /* EmojiArtView.swift */,
				046A0E602479B15100E6F5F9 /* EmojiArtView+Gestures.swift */,
				046A0E4A2479A58400E6F5F9 /* Document.swift */,
				046A0E5E2479B15100E6F5F9 /* EmojiCollectionViewCell.swift */,
				046A0E5C2479B15100E6F5F9 /* InputCollectionViewCell.swift */,
				046A0E5B2479B15100E6F5F9 /* Utilities.swift */,
				046A0E5F2479B15100E6F5F9 /* EmojiArt.swift */,
				046A0E542479A58700E6F5F9 /* Info.plist */,
				04AA8CAD247FD62D009DF941 /* delete.png */,
				046A0E5A2479A5D800E6F5F9 /* Supporting Files */,
			);
			path = "Emoji Art";
			sourceTree = "<group>";
		};
		046A0E5A2479A5D800E6F5F9 /* Supporting Files */ = {
			isa = PBXGroup;
			children = (
				046A0E442479A58400E6F5F9 /* AppDelegate.swift */,
				046A0E4F2479A58700E6F5F9 /* Assets.xcassets */,
				046A0E512479A58700E6F5F9 /* LaunchScreen.storyboard */,
			);
			path = "Supporting Files";
			sourceTree = "<group>";
		};
/* End PBXGroup section */

/* Begin PBXNativeTarget section */
		046A0E402479A58400E6F5F9 /* Emoji Art */ = {
			isa = PBXNativeTarget;
			buildConfigurationList = 046A0E572479A58700E6F5F9 /* Build configuration list for PBXNativeTarget "Emoji Art" */;
			buildPhases = (
				046A0E3D2479A58400E6F5F9 /* Sources */,
				046A0E3E2479A58400E6F5F9 /* Frameworks */,
				046A0E3F2479A58400E6F5F9 /* Resources */,
				04BC3179247C7777000D2F64 /* Embed App Extensions */,
			);
			buildRules = (
			);
			dependencies = (
			);
			name = "Emoji Art";
			productName = "Emoji Art";
			productReference = 046A0E412479A58400E6F5F9 /* Emoji Art.app */;
			productType = "com.apple.product-type.application";
		};
/* End PBXNativeTarget section */

/* Begin PBXProject section */
		046A0E392479A58400E6F5F9 /* Project object */ = {
			isa = PBXProject;
			attributes = {
				LastSwiftUpdateCheck = 1150;
				LastUpgradeCheck = 1150;
				ORGANIZATIONNAME = MAC;
				TargetAttributes = {
					046A0E402479A58400E6F5F9 = {
						CreatedOnToolsVersion = 11.5;
					};
				};
			};
			buildConfigurationList = 046A0E3C2479A58400E6F5F9 /* Build configuration list for PBXProject "Emoji Art" */;
			compatibilityVersion = "Xcode 9.3";
			developmentRegion = en;
			hasScannedForEncodings = 0;
			knownRegions = (
				en,
				Base,
			);
			mainGroup = 046A0E382479A58400E6F5F9;
			productRefGroup = 046A0E422479A58400E6F5F9 /* Products */;
			projectDirPath = "";
			projectRoot = "";
			targets = (
				046A0E402479A58400E6F5F9 /* Emoji Art */,
			);
		};
/* End PBXProject section */

/* Begin PBXResourcesBuildPhase section */
		046A0E3F2479A58400E6F5F9 /* Resources */ = {
			isa = PBXResourcesBuildPhase;
			buildActionMask = 2147483647;
			files = (
				04AA8CAE247FD62D009DF941 /* delete.png in Resources */,
				046A0E532479A58700E6F5F9 /* LaunchScreen.storyboard in Resources */,
				046A0E502479A58700E6F5F9 /* Assets.xcassets in Resources */,
				046A0E4E2479A58400E6F5F9 /* Main.storyboard in Resources */,
			);
			runOnlyForDeploymentPostprocessing = 0;
		};
/* End PBXResourcesBuildPhase section */

/* Begin PBXSourcesBuildPhase section */
		046A0E3D2479A58400E6F5F9 /* Sources */ = {
			isa = PBXSourcesBuildPhase;
			buildActionMask = 2147483647;
			files = (
				046A0E652479B15100E6F5F9 /* EmojiCollectionViewCell.swift in Sources */,
				046A0E4B2479A58400E6F5F9 /* Document.swift in Sources */,
				046A0E672479B15100E6F5F9 /* EmojiArtView+Gestures.swift in Sources */,
				046A0E472479A58400E6F5F9 /* DocumentBrowserViewController.swift in Sources */,
				046A0E632479B15100E6F5F9 /* InputCollectionViewCell.swift in Sources */,
				046A0E662479B15100E6F5F9 /* EmojiArt.swift in Sources */,
				046A0E622479B15100E6F5F9 /* Utilities.swift in Sources */,
				046A0E452479A58400E6F5F9 /* AppDelegate.swift in Sources */,
				046A0E682479B15100E6F5F9 /* EnojiArtViewController.swift in Sources */,
				046BBE0124846CF10000182A /* EmojiCollection.swift in Sources */,
				046A0E642479B15100E6F5F9 /* EmojiArtView.swift in Sources */,
			);
			runOnlyForDeploymentPostprocessing = 0;
		};
/* End PBXSourcesBuildPhase section */

/* Begin PBXVariantGroup section */
		046A0E4C2479A58400E6F5F9 /* Main.storyboard */ = {
			isa = PBXVariantGroup;
			children = (
				046A0E4D2479A58400E6F5F9 /* Base */,
			);
			name = Main.storyboard;
			sourceTree = "<group>";
		};
		046A0E512479A58700E6F5F9 /* LaunchScreen.storyboard */ = {
			isa = PBXVariantGroup;
			children = (
				046A0E522479A58700E6F5F9 /* Base */,
			);
			name = LaunchScreen.storyboard;
			sourceTree = "<group>";
		};
/* End PBXVariantGroup section */

/* Begin XCBuildConfiguration section */
		046A0E552479A58700E6F5F9 /* Debug */ = {
			isa = XCBuildConfiguration;
			buildSettings = {
				ALWAYS_SEARCH_USER_PATHS = NO;
				CLANG_ANALYZER_NONNULL = YES;
				CLANG_ANALYZER_NUMBER_OBJECT_CONVERSION = YES_AGGRESSIVE;
				CLANG_CXX_LANGUAGE_STANDARD = "gnu++14";
				CLANG_CXX_LIBRARY = "libc++";
				CLANG_ENABLE_MODULES = YES;
				CLANG_ENABLE_OBJC_ARC = YES;
				CLANG_ENABLE_OBJC_WEAK = YES;
				CLANG_WARN_BLOCK_CAPTURE_AUTORELEASING = YES;
				CLANG_WARN_BOOL_CONVERSION = YES;
				CLANG_WARN_COMMA = YES;
				CLANG_WARN_CONSTANT_CONVERSION = YES;
				CLANG_WARN_DEPRECATED_OBJC_IMPLEMENTATIONS = YES;
				CLANG_WARN_DIRECT_OBJC_ISA_USAGE = YES_ERROR;
				CLANG_WARN_DOCUMENTATION_COMMENTS = YES;
				CLANG_WARN_EMPTY_BODY = YES;
				CLANG_WARN_ENUM_CONVERSION = YES;
				CLANG_WARN_INFINITE_RECURSION = YES;
				CLANG_WARN_INT_CONVERSION = YES;
				CLANG_WARN_NON_LITERAL_NULL_CONVERSION = YES;
				CLANG_WARN_OBJC_IMPLICIT_RETAIN_SELF = YES;
				CLANG_WARN_OBJC_LITERAL_CONVERSION = YES;
				CLANG_WARN_OBJC_ROOT_CLASS = YES_ERROR;
				CLANG_WARN_RANGE_LOOP_ANALYSIS = YES;
				CLANG_WARN_STRICT_PROTOTYPES = YES;
				CLANG_WARN_SUSPICIOUS_MOVE = YES;
				CLANG_WARN_UNGUARDED_AVAILABILITY = YES_AGGRESSIVE;
				CLANG_WARN_UNREACHABLE_CODE = YES;
				CLANG_WARN__DUPLICATE_METHOD_MATCH = YES;
				COPY_PHASE_STRIP = NO;
				DEBUG_INFORMATION_FORMAT = dwarf;
				ENABLE_STRICT_OBJC_MSGSEND = YES;
				ENABLE_TESTABILITY = YES;
				GCC_C_LANGUAGE_STANDARD = gnu11;
				GCC_DYNAMIC_NO_PIC = NO;
				GCC_NO_COMMON_BLOCKS = YES;
				GCC_OPTIMIZATION_LEVEL = 0;
				GCC_PREPROCESSOR_DEFINITIONS = (
					"DEBUG=1",
					"$(inherited)",
				);
				GCC_WARN_64_TO_32_BIT_CONVERSION = YES;
				GCC_WARN_ABOUT_RETURN_TYPE = YES_ERROR;
				GCC_WARN_UNDECLARED_SELECTOR = YES;
				GCC_WARN_UNINITIALIZED_AUTOS = YES_AGGRESSIVE;
				GCC_WARN_UNUSED_FUNCTION = YES;
				GCC_WARN_UNUSED_VARIABLE = YES;
				IPHONEOS_DEPLOYMENT_TARGET = 13.5;
				MTL_ENABLE_DEBUG_INFO = INCLUDE_SOURCE;
				MTL_FAST_MATH = YES;
				ONLY_ACTIVE_ARCH = YES;
				SDKROOT = iphoneos;
				SWIFT_ACTIVE_COMPILATION_CONDITIONS = DEBUG;
				SWIFT_OPTIMIZATION_LEVEL = "-Onone";
			};
			name = Debug;
		};
		046A0E562479A58700E6F5F9 /* Release */ = {
			isa = XCBuildConfiguration;
			buildSettings = {
				ALWAYS_SEARCH_USER_PATHS = NO;
				CLANG_ANALYZER_NONNULL = YES;
				CLANG_ANALYZER_NUMBER_OBJECT_CONVERSION = YES_AGGRESSIVE;
				CLANG_CXX_LANGUAGE_STANDARD = "gnu++14";
				CLANG_CXX_LIBRARY = "libc++";
				CLANG_ENABLE_MODULES = YES;
				CLANG_ENABLE_OBJC_ARC = YES;
				CLANG_ENABLE_OBJC_WEAK = YES;
				CLANG_WARN_BLOCK_CAPTURE_AUTORELEASING = YES;
				CLANG_WARN_BOOL_CONVERSION = YES;
				CLANG_WARN_COMMA = YES;
				CLANG_WARN_CONSTANT_CONVERSION = YES;
				CLANG_WARN_DEPRECATED_OBJC_IMPLEMENTATIONS = YES;
				CLANG_WARN_DIRECT_OBJC_ISA_USAGE = YES_ERROR;
				CLANG_WARN_DOCUMENTATION_COMMENTS = YES;
				CLANG_WARN_EMPTY_BODY = YES;
				CLANG_WARN_ENUM_CONVERSION = YES;
				CLANG_WARN_INFINITE_RECURSION = YES;
				CLANG_WARN_INT_CONVERSION = YES;
				CLANG_WARN_NON_LITERAL_NULL_CONVERSION = YES;
				CLANG_WARN_OBJC_IMPLICIT_RETAIN_SELF = YES;
				CLANG_WARN_OBJC_LITERAL_CONVERSION = YES;
				CLANG_WARN_OBJC_ROOT_CLASS = YES_ERROR;
				CLANG_WARN_RANGE_LOOP_ANALYSIS = YES;
				CLANG_WARN_STRICT_PROTOTYPES = YES;
				CLANG_WARN_SUSPICIOUS_MOVE = YES;
				CLANG_WARN_UNGUARDED_AVAILABILITY = YES_AGGRESSIVE;
				CLANG_WARN_UNREACHABLE_CODE = YES;
				CLANG_WARN__DUPLICATE_METHOD_MATCH = YES;
				COPY_PHASE_STRIP = NO;
				DEBUG_INFORMATION_FORMAT = "dwarf-with-dsym";
				ENABLE_NS_ASSERTIONS = NO;
				ENABLE_STRICT_OBJC_MSGSEND = YES;
				GCC_C_LANGUAGE_STANDARD = gnu11;
				GCC_NO_COMMON_BLOCKS = YES;
				GCC_WARN_64_TO_32_BIT_CONVERSION = YES;
				GCC_WARN_ABOUT_RETURN_TYPE = YES_ERROR;
				GCC_WARN_UNDECLARED_SELECTOR = YES;
				GCC_WARN_UNINITIALIZED_AUTOS = YES_AGGRESSIVE;
				GCC_WARN_UNUSED_FUNCTION = YES;
				GCC_WARN_UNUSED_VARIABLE = YES;
				IPHONEOS_DEPLOYMENT_TARGET = 13.5;
				MTL_ENABLE_DEBUG_INFO = NO;
				MTL_FAST_MATH = YES;
				SDKROOT = iphoneos;
				SWIFT_COMPILATION_MODE = wholemodule;
				SWIFT_OPTIMIZATION_LEVEL = "-O";
				VALIDATE_PRODUCT = YES;
			};
			name = Release;
		};
		046A0E582479A58700E6F5F9 /* Debug */ = {
			isa = XCBuildConfiguration;
			buildSettings = {
				ALWAYS_EMBED_SWIFT_STANDARD_LIBRARIES = YES;
				ASSETCATALOG_COMPILER_APPICON_NAME = AppIcon;
				CODE_SIGN_STYLE = Automatic;
				INFOPLIST_FILE = "Emoji Art/Info.plist";
				LD_RUNPATH_SEARCH_PATHS = (
					"$(inherited)",
					"@executable_path/Frameworks",
				);
				PRODUCT_BUNDLE_IDENTIFIER = "Kerollos.Emoji-Art";
				PRODUCT_NAME = "$(TARGET_NAME)";
				SWIFT_VERSION = 5.0;
				TARGETED_DEVICE_FAMILY = "1,2";
			};
			name = Debug;
		};
		046A0E592479A58700E6F5F9 /* Release */ = {
			isa = XCBuildConfiguration;
			buildSettings = {
				ALWAYS_EMBED_SWIFT_STANDARD_LIBRARIES = YES;
				ASSETCATALOG_COMPILER_APPICON_NAME = AppIcon;
				CODE_SIGN_STYLE = Automatic;
				INFOPLIST_FILE = "Emoji Art/Info.plist";
				LD_RUNPATH_SEARCH_PATHS = (
					"$(inherited)",
					"@executable_path/Frameworks",
				);
				PRODUCT_BUNDLE_IDENTIFIER = "Kerollos.Emoji-Art";
				PRODUCT_NAME = "$(TARGET_NAME)";
				SWIFT_VERSION = 5.0;
				TARGETED_DEVICE_FAMILY = "1,2";
			};
			name = Release;
		};
/* End XCBuildConfiguration section */

/* Begin XCConfigurationList section */
		046A0E3C2479A58400E6F5F9 /* Build configuration list for PBXProject "Emoji Art" */ = {
			isa = XCConfigurationList;
			buildConfigurations = (
				046A0E552479A58700E6F5F9 /* Debug */,
				046A0E562479A58700E6F5F9 /* Release */,
			);
			defaultConfigurationIsVisible = 0;
			defaultConfigurationName = Release;
		};
		046A0E572479A58700E6F5F9 /* Build configuration list for PBXNativeTarget "Emoji Art" */ = {
			isa = XCConfigurationList;
			buildConfigurations = (
				046A0E582479A58700E6F5F9 /* Debug */,
				046A0E592479A58700E6F5F9 /* Release */,
			);
			defaultConfigurationIsVisible = 0;
			defaultConfigurationName = Release;
		};
/* End XCConfigurationList section */
	};
	rootObject = 046A0E392479A58400E6F5F9 /* Project object */;
}
