// !$*UTF8*$!
{
	archiveVersion = 1;
	classes = {
	};
	objectVersion = 50;
	objects = {

/* Begin PBXBuildFile section */
		C119A55B24548CFD001B45E6 /* Utilities.swift in Sources */ = {isa = PBXBuildFile; fileRef = C119A55A24548CFD001B45E6 /* Utilities.swift */; };
		C119A55D24548D47001B45E6 /* EnojiArtViewController.swift in Sources */ = {isa = PBXBuildFile; fileRef = C119A55C24548D47001B45E6 /* EnojiArtViewController.swift */; };
		C119A56124548EFB001B45E6 /* EmojiArtView.swift in Sources */ = {isa = PBXBuildFile; fileRef = C119A56024548EFB001B45E6 /* EmojiArtView.swift */; };
		C178F7BF2453367C00C5A2E0 /* AppDelegate.swift in Sources */ = {isa = PBXBuildFile; fileRef = C178F7BE2453367C00C5A2E0 /* AppDelegate.swift */; };
		C178F7C12453367C00C5A2E0 /* SceneDelegate.swift in Sources */ = {isa = PBXBuildFile; fileRef = C178F7C02453367C00C5A2E0 /* SceneDelegate.swift */; };
		C178F7C62453367C00C5A2E0 /* Main.storyboard in Resources */ = {isa = PBXBuildFile; fileRef = C178F7C42453367C00C5A2E0 /* Main.storyboard */; };
		C178F7C82453367F00C5A2E0 /* Assets.xcassets in Resources */ = {isa = PBXBuildFile; fileRef = C178F7C72453367F00C5A2E0 /* Assets.xcassets */; };
		C178F7CB2453367F00C5A2E0 /* LaunchScreen.storyboard in Resources */ = {isa = PBXBuildFile; fileRef = C178F7C92453367F00C5A2E0 /* LaunchScreen.storyboard */; };
		C1BDC7532465EBC000328AC8 /* EmojiArtView+Gestures.swift in Sources */ = {isa = PBXBuildFile; fileRef = C1BDC7522465EBC000328AC8 /* EmojiArtView+Gestures.swift */; };
		C1E30F802458616E002BC426 /* ChoseTableViewController.swift in Sources */ = {isa = PBXBuildFile; fileRef = C1E30F7F2458616E002BC426 /* ChoseTableViewController.swift */; };
		C1F9758024644E9F00B91389 /* EmojiCollectionViewCell.swift in Sources */ = {isa = PBXBuildFile; fileRef = C1F9757F24644E9F00B91389 /* EmojiCollectionViewCell.swift */; };
/* End PBXBuildFile section */

/* Begin PBXFileReference section */
		C119A55A24548CFD001B45E6 /* Utilities.swift */ = {isa = PBXFileReference; fileEncoding = 4; lastKnownFileType = sourcecode.swift; path = Utilities.swift; sourceTree = "<group>"; };
		C119A55C24548D47001B45E6 /* EnojiArtViewController.swift */ = {isa = PBXFileReference; lastKnownFileType = sourcecode.swift; path = EnojiArtViewController.swift; sourceTree = "<group>"; };
		C119A56024548EFB001B45E6 /* EmojiArtView.swift */ = {isa = PBXFileReference; lastKnownFileType = sourcecode.swift; path = EmojiArtView.swift; sourceTree = "<group>"; };
		C178F7BB2453367C00C5A2E0 /* EmojiArt.app */ = {isa = PBXFileReference; explicitFileType = wrapper.application; includeInIndex = 0; path = EmojiArt.app; sourceTree = BUILT_PRODUCTS_DIR; };
		C178F7BE2453367C00C5A2E0 /* AppDelegate.swift */ = {isa = PBXFileReference; lastKnownFileType = sourcecode.swift; path = AppDelegate.swift; sourceTree = "<group>"; };
		C178F7C02453367C00C5A2E0 /* SceneDelegate.swift */ = {isa = PBXFileReference; lastKnownFileType = sourcecode.swift; path = SceneDelegate.swift; sourceTree = "<group>"; };
		C178F7C52453367C00C5A2E0 /* Base */ = {isa = PBXFileReference; lastKnownFileType = file.storyboard; name = Base; path = Base.lproj/Main.storyboard; sourceTree = "<group>"; };
		C178F7C72453367F00C5A2E0 /* Assets.xcassets */ = {isa = PBXFileReference; lastKnownFileType = folder.assetcatalog; path = Assets.xcassets; sourceTree = "<group>"; };
		C178F7CA2453367F00C5A2E0 /* Base */ = {isa = PBXFileReference; lastKnownFileType = file.storyboard; name = Base; path = Base.lproj/LaunchScreen.storyboard; sourceTree = "<group>"; };
		C178F7CC2453368000C5A2E0 /* Info.plist */ = {isa = PBXFileReference; lastKnownFileType = text.plist.xml; path = Info.plist; sourceTree = "<group>"; };
		C1BDC7522465EBC000328AC8 /* EmojiArtView+Gestures.swift */ = {isa = PBXFileReference; fileEncoding = 4; lastKnownFileType = sourcecode.swift; path = "EmojiArtView+Gestures.swift"; sourceTree = "<group>"; };
		C1E30F7F2458616E002BC426 /* ChoseTableViewController.swift */ = {isa = PBXFileReference; lastKnownFileType = sourcecode.swift; path = ChoseTableViewController.swift; sourceTree = "<group>"; };
		C1F9757F24644E9F00B91389 /* EmojiCollectionViewCell.swift */ = {isa = PBXFileReference; lastKnownFileType = sourcecode.swift; path = EmojiCollectionViewCell.swift; sourceTree = "<group>"; };
/* End PBXFileReference section */

/* Begin PBXFrameworksBuildPhase section */
		C178F7B82453367B00C5A2E0 /* Frameworks */ = {
			isa = PBXFrameworksBuildPhase;
			buildActionMask = 2147483647;
			files = (
			);
			runOnlyForDeploymentPostprocessing = 0;
		};
/* End PBXFrameworksBuildPhase section */

/* Begin PBXGroup section */
		C178F7B22453367B00C5A2E0 = {
			isa = PBXGroup;
			children = (
				C178F7BD2453367C00C5A2E0 /* EmojiArt */,
				C178F7BC2453367C00C5A2E0 /* Products */,
			);
			sourceTree = "<group>";
		};
		C178F7BC2453367C00C5A2E0 /* Products */ = {
			isa = PBXGroup;
			children = (
				C178F7BB2453367C00C5A2E0 /* EmojiArt.app */,
			);
			name = Products;
			sourceTree = "<group>";
		};
		C178F7BD2453367C00C5A2E0 /* EmojiArt */ = {
			isa = PBXGroup;
			children = (
				C178F7C42453367C00C5A2E0 /* Main.storyboard */,
				C119A55C24548D47001B45E6 /* EnojiArtViewController.swift */,
				C1F9757F24644E9F00B91389 /* EmojiCollectionViewCell.swift */,
				C1E30F7F2458616E002BC426 /* ChoseTableViewController.swift */,
				C119A56024548EFB001B45E6 /* EmojiArtView.swift */,
				C1BDC7522465EBC000328AC8 /* EmojiArtView+Gestures.swift */,
				C119A55A24548CFD001B45E6 /* Utilities.swift */,
				C178F7C02453367C00C5A2E0 /* SceneDelegate.swift */,
				C178F7BE2453367C00C5A2E0 /* AppDelegate.swift */,
				C178F7C72453367F00C5A2E0 /* Assets.xcassets */,
				C178F7C92453367F00C5A2E0 /* LaunchScreen.storyboard */,
				C178F7CC2453368000C5A2E0 /* Info.plist */,
			);
			path = EmojiArt;
			sourceTree = "<group>";
		};
/* End PBXGroup section */

/* Begin PBXNativeTarget section */
		C178F7BA2453367B00C5A2E0 /* EmojiArt */ = {
			isa = PBXNativeTarget;
			buildConfigurationList = C178F7CF2453368000C5A2E0 /* Build configuration list for PBXNativeTarget "EmojiArt" */;
			buildPhases = (
				C178F7B72453367B00C5A2E0 /* Sources */,
				C178F7B82453367B00C5A2E0 /* Frameworks */,
				C178F7B92453367B00C5A2E0 /* Resources */,
			);
			buildRules = (
			);
			dependencies = (
			);
			name = EmojiArt;
			productName = EmojiArt;
			productReference = C178F7BB2453367C00C5A2E0 /* EmojiArt.app */;
			productType = "com.apple.product-type.application";
		};
/* End PBXNativeTarget section */

/* Begin PBXProject section */
		C178F7B32453367B00C5A2E0 /* Project object */ = {
			isa = PBXProject;
			attributes = {
				LastSwiftUpdateCheck = 1140;
				LastUpgradeCheck = 1140;
				ORGANIZATIONNAME = "kerollos nabil";
				TargetAttributes = {
					C178F7BA2453367B00C5A2E0 = {
						CreatedOnToolsVersion = 11.4;
					};
				};
			};
			buildConfigurationList = C178F7B62453367B00C5A2E0 /* Build configuration list for PBXProject "EmojiArt" */;
			compatibilityVersion = "Xcode 9.3";
			developmentRegion = en;
			hasScannedForEncodings = 0;
			knownRegions = (
				en,
				Base,
			);
			mainGroup = C178F7B22453367B00C5A2E0;
			productRefGroup = C178F7BC2453367C00C5A2E0 /* Products */;
			projectDirPath = "";
			projectRoot = "";
			targets = (
				C178F7BA2453367B00C5A2E0 /* EmojiArt */,
			);
		};
/* End PBXProject section */

/* Begin PBXResourcesBuildPhase section */
		C178F7B92453367B00C5A2E0 /* Resources */ = {
			isa = PBXResourcesBuildPhase;
			buildActionMask = 2147483647;
			files = (
				C178F7CB2453367F00C5A2E0 /* LaunchScreen.storyboard in Resources */,
				C178F7C82453367F00C5A2E0 /* Assets.xcassets in Resources */,
				C178F7C62453367C00C5A2E0 /* Main.storyboard in Resources */,
			);
			runOnlyForDeploymentPostprocessing = 0;
		};
/* End PBXResourcesBuildPhase section */

/* Begin PBXSourcesBuildPhase section */
		C178F7B72453367B00C5A2E0 /* Sources */ = {
			isa = PBXSourcesBuildPhase;
			buildActionMask = 2147483647;
			files = (
				C1F9758024644E9F00B91389 /* EmojiCollectionViewCell.swift in Sources */,
				C1BDC7532465EBC000328AC8 /* EmojiArtView+Gestures.swift in Sources */,
				C119A55B24548CFD001B45E6 /* Utilities.swift in Sources */,
				C119A56124548EFB001B45E6 /* EmojiArtView.swift in Sources */,
				C178F7BF2453367C00C5A2E0 /* AppDelegate.swift in Sources */,
				C119A55D24548D47001B45E6 /* EnojiArtViewController.swift in Sources */,
				C1E30F802458616E002BC426 /* ChoseTableViewController.swift in Sources */,
				C178F7C12453367C00C5A2E0 /* SceneDelegate.swift in Sources */,
			);
			runOnlyForDeploymentPostprocessing = 0;
		};
/* End PBXSourcesBuildPhase section */

/* Begin PBXVariantGroup section */
		C178F7C42453367C00C5A2E0 /* Main.storyboard */ = {
			isa = PBXVariantGroup;
			children = (
				C178F7C52453367C00C5A2E0 /* Base */,
			);
			name = Main.storyboard;
			sourceTree = "<group>";
		};
		C178F7C92453367F00C5A2E0 /* LaunchScreen.storyboard */ = {
			isa = PBXVariantGroup;
			children = (
				C178F7CA2453367F00C5A2E0 /* Base */,
			);
			name = LaunchScreen.storyboard;
			sourceTree = "<group>";
		};
/* End PBXVariantGroup section */

/* Begin XCBuildConfiguration section */
		C178F7CD2453368000C5A2E0 /* Debug */ = {
			isa = XCBuildConfiguration;
			buildSettings = {
				ALWAYS_SEARCH_USER_PATHS = NO;
				CLANG_ANALYZER_NONNULL = YES;
				CLANG_ANALYZER_NUMBER_OBJECT_CONVERSION = YES_AGGRESSIVE;
				CLANG_CXX_LANGUAGE_STANDARD = "gnu++14";
				CLANG_CXX_LIBRARY = "libc++";
				CLANG_ENABLE_MODULES = YES;
				CLANG_ENABLE_OBJC_ARC = YES;
				CLANG_ENABLE_OBJC_WEAK = YES;
				CLANG_WARN_BLOCK_CAPTURE_AUTORELEASING = YES;
				CLANG_WARN_BOOL_CONVERSION = YES;
				CLANG_WARN_COMMA = YES;
				CLANG_WARN_CONSTANT_CONVERSION = YES;
				CLANG_WARN_DEPRECATED_OBJC_IMPLEMENTATIONS = YES;
				CLANG_WARN_DIRECT_OBJC_ISA_USAGE = YES_ERROR;
				CLANG_WARN_DOCUMENTATION_COMMENTS = YES;
				CLANG_WARN_EMPTY_BODY = YES;
				CLANG_WARN_ENUM_CONVERSION = YES;
				CLANG_WARN_INFINITE_RECURSION = YES;
				CLANG_WARN_INT_CONVERSION = YES;
				CLANG_WARN_NON_LITERAL_NULL_CONVERSION = YES;
				CLANG_WARN_OBJC_IMPLICIT_RETAIN_SELF = YES;
				CLANG_WARN_OBJC_LITERAL_CONVERSION = YES;
				CLANG_WARN_OBJC_ROOT_CLASS = YES_ERROR;
				CLANG_WARN_RANGE_LOOP_ANALYSIS = YES;
				CLANG_WARN_STRICT_PROTOTYPES = YES;
				CLANG_WARN_SUSPICIOUS_MOVE = YES;
				CLANG_WARN_UNGUARDED_AVAILABILITY = YES_AGGRESSIVE;
				CLANG_WARN_UNREACHABLE_CODE = YES;
				CLANG_WARN__DUPLICATE_METHOD_MATCH = YES;
				COPY_PHASE_STRIP = NO;
				DEBUG_INFORMATION_FORMAT = dwarf;
				ENABLE_STRICT_OBJC_MSGSEND = YES;
				ENABLE_TESTABILITY = YES;
				GCC_C_LANGUAGE_STANDARD = gnu11;
				GCC_DYNAMIC_NO_PIC = NO;
				GCC_NO_COMMON_BLOCKS = YES;
				GCC_OPTIMIZATION_LEVEL = 0;
				GCC_PREPROCESSOR_DEFINITIONS = (
					"DEBUG=1",
					"$(inherited)",
				);
				GCC_WARN_64_TO_32_BIT_CONVERSION = YES;
				GCC_WARN_ABOUT_RETURN_TYPE = YES_ERROR;
				GCC_WARN_UNDECLARED_SELECTOR = YES;
				GCC_WARN_UNINITIALIZED_AUTOS = YES_AGGRESSIVE;
				GCC_WARN_UNUSED_FUNCTION = YES;
				GCC_WARN_UNUSED_VARIABLE = YES;
				IPHONEOS_DEPLOYMENT_TARGET = 13.4;
				MTL_ENABLE_DEBUG_INFO = INCLUDE_SOURCE;
				MTL_FAST_MATH = YES;
				ONLY_ACTIVE_ARCH = YES;
				SDKROOT = iphoneos;
				SWIFT_ACTIVE_COMPILATION_CONDITIONS = DEBUG;
				SWIFT_OPTIMIZATION_LEVEL = "-Onone";
			};
			name = Debug;
		};
		C178F7CE2453368000C5A2E0 /* Release */ = {
			isa = XCBuildConfiguration;
			buildSettings = {
				ALWAYS_SEARCH_USER_PATHS = NO;
				CLANG_ANALYZER_NONNULL = YES;
				CLANG_ANALYZER_NUMBER_OBJECT_CONVERSION = YES_AGGRESSIVE;
				CLANG_CXX_LANGUAGE_STANDARD = "gnu++14";
				CLANG_CXX_LIBRARY = "libc++";
				CLANG_ENABLE_MODULES = YES;
				CLANG_ENABLE_OBJC_ARC = YES;
				CLANG_ENABLE_OBJC_WEAK = YES;
				CLANG_WARN_BLOCK_CAPTURE_AUTORELEASING = YES;
				CLANG_WARN_BOOL_CONVERSION = YES;
				CLANG_WARN_COMMA = YES;
				CLANG_WARN_CONSTANT_CONVERSION = YES;
				CLANG_WARN_DEPRECATED_OBJC_IMPLEMENTATIONS = YES;
				CLANG_WARN_DIRECT_OBJC_ISA_USAGE = YES_ERROR;
				CLANG_WARN_DOCUMENTATION_COMMENTS = YES;
				CLANG_WARN_EMPTY_BODY = YES;
				CLANG_WARN_ENUM_CONVERSION = YES;
				CLANG_WARN_INFINITE_RECURSION = YES;
				CLANG_WARN_INT_CONVERSION = YES;
				CLANG_WARN_NON_LITERAL_NULL_CONVERSION = YES;
				CLANG_WARN_OBJC_IMPLICIT_RETAIN_SELF = YES;
				CLANG_WARN_OBJC_LITERAL_CONVERSION = YES;
				CLANG_WARN_OBJC_ROOT_CLASS = YES_ERROR;
				CLANG_WARN_RANGE_LOOP_ANALYSIS = YES;
				CLANG_WARN_STRICT_PROTOTYPES = YES;
				CLANG_WARN_SUSPICIOUS_MOVE = YES;
				CLANG_WARN_UNGUARDED_AVAILABILITY = YES_AGGRESSIVE;
				CLANG_WARN_UNREACHABLE_CODE = YES;
				CLANG_WARN__DUPLICATE_METHOD_MATCH = YES;
				COPY_PHASE_STRIP = NO;
				DEBUG_INFORMATION_FORMAT = "dwarf-with-dsym";
				ENABLE_NS_ASSERTIONS = NO;
				ENABLE_STRICT_OBJC_MSGSEND = YES;
				GCC_C_LANGUAGE_STANDARD = gnu11;
				GCC_NO_COMMON_BLOCKS = YES;
				GCC_WARN_64_TO_32_BIT_CONVERSION = YES;
				GCC_WARN_ABOUT_RETURN_TYPE = YES_ERROR;
				GCC_WARN_UNDECLARED_SELECTOR = YES;
				GCC_WARN_UNINITIALIZED_AUTOS = YES_AGGRESSIVE;
				GCC_WARN_UNUSED_FUNCTION = YES;
				GCC_WARN_UNUSED_VARIABLE = YES;
				IPHONEOS_DEPLOYMENT_TARGET = 13.4;
				MTL_ENABLE_DEBUG_INFO = NO;
				MTL_FAST_MATH = YES;
				SDKROOT = iphoneos;
				SWIFT_COMPILATION_MODE = wholemodule;
				SWIFT_OPTIMIZATION_LEVEL = "-O";
				VALIDATE_PRODUCT = YES;
			};
			name = Release;
		};
		C178F7D02453368000C5A2E0 /* Debug */ = {
			isa = XCBuildConfiguration;
			buildSettings = {
				ASSETCATALOG_COMPILER_APPICON_NAME = AppIcon;
				CODE_SIGN_STYLE = Automatic;
				INFOPLIST_FILE = EmojiArt/Info.plist;
				LD_RUNPATH_SEARCH_PATHS = (
					"$(inherited)",
					"@executable_path/Frameworks",
				);
				PRODUCT_BUNDLE_IDENTIFIER = iti.EmojiArt;
				PRODUCT_NAME = "$(TARGET_NAME)";
				SWIFT_VERSION = 5.0;
				TARGETED_DEVICE_FAMILY = "1,2";
			};
			name = Debug;
		};
		C178F7D12453368000C5A2E0 /* Release */ = {
			isa = XCBuildConfiguration;
			buildSettings = {
				ASSETCATALOG_COMPILER_APPICON_NAME = AppIcon;
				CODE_SIGN_STYLE = Automatic;
				INFOPLIST_FILE = EmojiArt/Info.plist;
				LD_RUNPATH_SEARCH_PATHS = (
					"$(inherited)",
					"@executable_path/Frameworks",
				);
				PRODUCT_BUNDLE_IDENTIFIER = iti.EmojiArt;
				PRODUCT_NAME = "$(TARGET_NAME)";
				SWIFT_VERSION = 5.0;
				TARGETED_DEVICE_FAMILY = "1,2";
			};
			name = Release;
		};
/* End XCBuildConfiguration section */

/* Begin XCConfigurationList section */
		C178F7B62453367B00C5A2E0 /* Build configuration list for PBXProject "EmojiArt" */ = {
			isa = XCConfigurationList;
			buildConfigurations = (
				C178F7CD2453368000C5A2E0 /* Debug */,
				C178F7CE2453368000C5A2E0 /* Release */,
			);
			defaultConfigurationIsVisible = 0;
			defaultConfigurationName = Release;
		};
		C178F7CF2453368000C5A2E0 /* Build configuration list for PBXNativeTarget "EmojiArt" */ = {
			isa = XCConfigurationList;
			buildConfigurations = (
				C178F7D02453368000C5A2E0 /* Debug */,
				C178F7D12453368000C5A2E0 /* Release */,
			);
			defaultConfigurationIsVisible = 0;
			defaultConfigurationName = Release;
		};
/* End XCConfigurationList section */
	};
	rootObject = C178F7B32453367B00C5A2E0 /* Project object */;
}
